
Microsoft Visual Studio Solution File, Format Version 12.00
# Visual Studio Version 16
VisualStudioVersion = 16.0.30523.141
MinimumVisualStudioVersion = 10.0.40219.1
Project("{FAE04EC0-301F-11D3-BF4B-00C04F79EFBC}") = "HelloWorldXAML", "HelloWorldXAML.csproj", "{CDAE325E-79A1-45FD-84E6-C8050A67E758}"
EndProject
Project("{FAE04EC0-301F-11D3-BF4B-00C04F79EFBC}") = "HelloWorldWinForm", "..\HelloWorldWinForm\HelloWorldWinForm.csproj", "{069D55CA-8B29-451E-B555-1DAFEB363BAB}"
EndProject
Global
	GlobalSection(SolutionConfigurationPlatforms) = preSolution
		Debug|Any CPU = Debug|Any CPU
		Release|Any CPU = Release|Any CPU
	EndGlobalSection
	GlobalSection(ProjectConfigurationPlatforms) = postSolution
		{CDAE325E-79A1-45FD-84E6-C8050A67E758}.Debug|Any CPU.ActiveCfg = Debug|Any CPU
		{CDAE325E-79A1-45FD-84E6-C8050A67E758}.Debug|Any CPU.Build.0 = Debug|Any CPU
		{CDAE325E-79A1-45FD-84E6-C8050A67E758}.Release|Any CPU.ActiveCfg = Release|Any CPU
		{CDAE325E-79A1-45FD-84E6-C8050A67E758}.Release|Any CPU.Build.0 = Release|Any CPU
		{069D55CA-8B29-451E-B555-1DAFEB363BAB}.Debug|Any CPU.ActiveCfg = Debug|Any CPU
		{069D55CA-8B29-451E-B555-1DAFEB363BAB}.Debug|Any CPU.Build.0 = Debug|Any CPU
		{069D55CA-8B29-451E-B555-1DAFEB363BAB}.Release|Any CPU.ActiveCfg = Release|Any CPU
		{069D55CA-8B29-451E-B555-1DAFEB363BAB}.Release|Any CPU.Build.0 = Release|Any CPU
	EndGlobalSection
	GlobalSection(SolutionProperties) = preSolution
		HideSolutionNode = FALSE
	EndGlobalSection
	GlobalSection(ExtensibilityGlobals) = postSolution
		SolutionGuid = {98097A83-A2A8-498F-9D51-D042DFA9D65A}
	EndGlobalSection
EndGlobal
